<?xml version="1.0" encoding="utf-8"?>
<Project ToolsVersion="4.0" xmlns="http://schemas.microsoft.com/developer/msbuild/2003">
  <ItemGroup>
    <Filter Include="Source files">
      <UniqueIdentifier>{0c9ff023-9ad8-44e3-8eb3-930ff6bde69f}</UniqueIdentifier>
      <Extensions>cpp;c;cc;cxx;def;odl;idl;hpj;bat;asm;asmx</Extensions>
    </Filter>
    <Filter Include="Header files">
      <UniqueIdentifier>{965fcadb-63e5-46a9-9536-95bdffbd8c4b}</UniqueIdentifier>
      <Extensions>h;hpp;hxx;hm;inl;inc;xsd</Extensions>
    </Filter>
    <Filter Include="Resource files">
      <UniqueIdentifier>{c5ba0c55-03f4-4d44-8f58-5d38efa06cdb}</UniqueIdentifier>
      <Extensions>rc;ico;cur;bmp;dlg;rc2;rct;bin;rgs;gif;jpg;jpeg;jpe;resx;tiff;tif;png;wav</Extensions>
    </Filter>
    <Filter Include="Source files\toolkit">
      <UniqueIdentifier>{814c3913-a5ff-4880-8330-4b82bb35a815}</UniqueIdentifier>
    </Filter>
    <Filter Include="Source files\parsers">
      <UniqueIdentifier>{ced622d5-2771-411b-9823-523289b8ede7}</UniqueIdentifier>
    </Filter>
    <Filter Include="Source files\llvmsym">
      <UniqueIdentifier>{62d971c0-7eea-4b4b-b825-690514e0043c}</UniqueIdentifier>
    </Filter>
    <Filter Include="Source files\llvmsym\fomula">
      <UniqueIdentifier>{ae021f04-3737-443d-9d5a-03aadc903934}</UniqueIdentifier>
    </Filter>
    <Filter Include="Source files\llvmsym\llvmwrap">
      <UniqueIdentifier>{04982683-4203-4d0b-9a70-ac6d4125ce3d}</UniqueIdentifier>
    </Filter>
    <Filter Include="Source files\llvmsym\programutils">
      <UniqueIdentifier>{bee86816-dd6c-40dd-9ba2-dfe73c92769d}</UniqueIdentifier>
    </Filter>
    <Filter Include="Source files\llvmsym\stanalysis">
      <UniqueIdentifier>{3bb1dbae-068d-4ec7-b32b-62a531848404}</UniqueIdentifier>
    </Filter>
  </ItemGroup>
  <ItemGroup>
    <ClCompile Include="..\src\tests.cpp">
      <Filter>Source files</Filter>
    </ClCompile>
    <ClCompile Include="..\src\symdivine.cpp">
      <Filter>Source files</Filter>
    </ClCompile>
    <ClCompile Include="..\src\toolkit\utils.cpp">
      <Filter>Source files\toolkit</Filter>
    </ClCompile>
    <ClCompile Include="..\src\toolkit\z3cache.cpp">
      <Filter>Source files\toolkit</Filter>
    </ClCompile>
    <ClCompile Include="..\src\toolkit\ltl2ba.cpp">
      <Filter>Source files\toolkit</Filter>
    </ClCompile>
    <ClCompile Include="..\src\toolkit\query_cache.cpp">
      <Filter>Source files\toolkit</Filter>
    </ClCompile>
    <ClCompile Include="..\src\llvmsym\smtdatastore_partial.cpp">
      <Filter>Source files\llvmsym</Filter>
    </ClCompile>
    <ClCompile Include="..\src\llvmsym\thread.cpp">
      <Filter>Source files\llvmsym</Filter>
    </ClCompile>
    <ClCompile Include="..\src\llvmsym\datastore.cpp">
      <Filter>Source files\llvmsym</Filter>
    </ClCompile>
    <ClCompile Include="..\src\llvmsym\emptydatastore.cpp">
      <Filter>Source files\llvmsym</Filter>
    </ClCompile>
    <ClCompile Include="..\src\llvmsym\error.cpp">
      <Filter>Source files\llvmsym</Filter>
    </ClCompile>
    <ClCompile Include="..\src\llvmsym\llvmdata.cpp">
      <Filter>Source files\llvmsym</Filter>
    </ClCompile>
    <ClCompile Include="..\src\llvmsym\memorylayout.cpp">
      <Filter>Source files\llvmsym</Filter>
    </ClCompile>
    <ClCompile Include="..\src\llvmsym\smtdatastore.cpp">
      <Filter>Source files\llvmsym</Filter>
    </ClCompile>
    <ClCompile Include="..\src\llvmsym\formula\z3.cpp">
      <Filter>Source files\llvmsym\fomula</Filter>
    </ClCompile>
    <ClCompile Include="..\src\llvmsym\formula\rpn.cpp">
      <Filter>Source files\llvmsym\fomula</Filter>
    </ClCompile>
    <ClCompile Include="..\src\llvmsym\programutils\statistics.cpp">
      <Filter>Source files\llvmsym\programutils</Filter>
    </ClCompile>
    <ClCompile Include="..\src\llvmsym\programutils\config.cpp">
      <Filter>Source files\llvmsym\programutils</Filter>
    </ClCompile>
    <ClCompile Include="..\src\llvmsym\stanalysis\inputvariables.cpp">
      <Filter>Source files\llvmsym\stanalysis</Filter>
    </ClCompile>
  </ItemGroup>
  <ItemGroup>
    <ClInclude Include="..\src\toolkit\query_cache.h">
      <Filter>Source files\toolkit</Filter>
    </ClInclude>
    <ClInclude Include="..\src\toolkit\utils.h">
      <Filter>Source files\toolkit</Filter>
    </ClInclude>
    <ClInclude Include="..\src\toolkit\z3cache.h">
      <Filter>Source files\toolkit</Filter>
    </ClInclude>
    <ClInclude Include="..\src\toolkit\graph.h">
      <Filter>Source files\toolkit</Filter>
    </ClInclude>
    <ClInclude Include="..\src\toolkit\hash.h">
      <Filter>Source files\toolkit</Filter>
    </ClInclude>
    <ClInclude Include="..\src\toolkit\jenkins.h">
      <Filter>Source files\toolkit</Filter>
    </ClInclude>
    <ClInclude Include="..\src\toolkit\ltl2ba.h">
      <Filter>Source files\toolkit</Filter>
    </ClInclude>
    <ClInclude Include="..\src\llvmsym\smtdatastore_partial.h">
      <Filter>Source files\llvmsym</Filter>
    </ClInclude>
    <ClInclude Include="..\src\llvmsym\thread.h">
      <Filter>Source files\llvmsym</Filter>
    </ClInclude>
    <ClInclude Include="..\src\llvmsym\blobing.h">
      <Filter>Source files\llvmsym</Filter>
    </ClInclude>
    <ClInclude Include="..\src\llvmsym\blobutils.h">
      <Filter>Source files\llvmsym</Filter>
    </ClInclude>
    <ClInclude Include="..\src\llvmsym\datastore.h">
      <Filter>Source files\llvmsym</Filter>
    </ClInclude>
    <ClInclude Include="..\src\llvmsym\emptydatastore.h">
      <Filter>Source files\llvmsym</Filter>
    </ClInclude>
    <ClInclude Include="..\src\llvmsym\error.h">
      <Filter>Source files\llvmsym</Filter>
    </ClInclude>
    <ClInclude Include="..\src\llvmsym\evaluator.h">
      <Filter>Source files\llvmsym</Filter>
    </ClInclude>
    <ClInclude Include="..\src\llvmsym\explicitstore.h">
      <Filter>Source files\llvmsym</Filter>
    </ClInclude>
    <ClInclude Include="..\src\llvmsym\graph.h">
      <Filter>Source files\llvmsym</Filter>
    </ClInclude>
    <ClInclude Include="..\src\llvmsym\instructiondispatch.h">
      <Filter>Source files\llvmsym</Filter>
    </ClInclude>
    <ClInclude Include="..\src\llvmsym\llvmdata.h">
      <Filter>Source files\llvmsym</Filter>
    </ClInclude>
    <ClInclude Include="..\src\llvmsym\ltl.h">
      <Filter>Source files\llvmsym</Filter>
    </ClInclude>
    <ClInclude Include="..\src\llvmsym\memorylayout.h">
      <Filter>Source files\llvmsym</Filter>
    </ClInclude>
    <ClInclude Include="..\src\llvmsym\properties.h">
      <Filter>Source files\llvmsym</Filter>
    </ClInclude>
    <ClInclude Include="..\src\llvmsym\reachability.h">
      <Filter>Source files\llvmsym</Filter>
    </ClInclude>
    <ClInclude Include="..\src\llvmsym\smtdatastore.h">
      <Filter>Source files\llvmsym</Filter>
    </ClInclude>
    <ClInclude Include="..\src\llvmsym\formula\rpn.h">
      <Filter>Source files\llvmsym\fomula</Filter>
    </ClInclude>
    <ClInclude Include="..\src\llvmsym\formula\z3.h">
      <Filter>Source files\llvmsym\fomula</Filter>
    </ClInclude>
    <ClInclude Include="..\src\llvmsym\llvmwrap\GlobalVariable.h">
      <Filter>Source files\llvmsym\llvmwrap</Filter>
    </ClInclude>
    <ClInclude Include="..\src\llvmsym\llvmwrap\Instructions.h">
      <Filter>Source files\llvmsym\llvmwrap</Filter>
    </ClInclude>
    <ClInclude Include="..\src\llvmsym\llvmwrap\IRReader.h">
      <Filter>Source files\llvmsym\llvmwrap</Filter>
    </ClInclude>
    <ClInclude Include="..\src\llvmsym\llvmwrap\LLVMContext.h">
      <Filter>Source files\llvmsym\llvmwrap</Filter>
    </ClInclude>
    <ClInclude Include="..\src\llvmsym\llvmwrap\Module.h">
      <Filter>Source files\llvmsym\llvmwrap</Filter>
    </ClInclude>
    <ClInclude Include="..\src\llvmsym\llvmwrap\Type.h">
      <Filter>Source files\llvmsym\llvmwrap</Filter>
    </ClInclude>
    <ClInclude Include="..\src\llvmsym\llvmwrap\Constants.h">
      <Filter>Source files\llvmsym\llvmwrap</Filter>
    </ClInclude>
    <ClInclude Include="..\src\llvmsym\llvmwrap\Function.h">
      <Filter>Source files\llvmsym\llvmwrap</Filter>
    </ClInclude>
    <ClInclude Include="..\src\llvmsym\programutils\statistics.h">
      <Filter>Source files\llvmsym\programutils</Filter>
    </ClInclude>
    <ClInclude Include="..\src\llvmsym\programutils\config.h">
      <Filter>Source files\llvmsym\programutils</Filter>
    </ClInclude>
    <ClInclude Include="..\src\llvmsym\stanalysis\inputvariables.h">
      <Filter>Source files\llvmsym\stanalysis</Filter>
    </ClInclude>
  </ItemGroup>
  <ItemGroup>
    <None Include="..\src\parsers\ltl_tokens.l">
      <Filter>Source files\parsers</Filter>
    </None>
    <None Include="..\src\parsers\ltl_parser.y">
      <Filter>Source files\parsers</Filter>
    </None>
    <None Include="..\src\llvmsym\ltl.tpp">
      <Filter>Source files\llvmsym</Filter>
    </None>
    <None Include="..\src\llvmsym\reachability.tpp">
      <Filter>Source files\llvmsym</Filter>
    </None>
  </ItemGroup>
</Project>